
Microsoft Visual Studio Solution File, Format Version 12.00
# Visual Studio Version 17
VisualStudioVersion = 17.7.34024.191
MinimumVisualStudioVersion = 10.0.40219.1
Project("{FAE04EC0-301F-11D3-BF4B-00C04F79EFBC}") = "Palindromo", "Palindromo\Palindromo.csproj", "{95946CF7-EA37-4366-9388-A55423D4FBE9}"
EndProject
Global
	GlobalSection(SolutionConfigurationPlatforms) = preSolution
		Debug|Any CPU = Debug|Any CPU
		Release|Any CPU = Release|Any CPU
	EndGlobalSection
	GlobalSection(ProjectConfigurationPlatforms) = postSolution
		{95946CF7-EA37-4366-9388-A55423D4FBE9}.Debug|Any CPU.ActiveCfg = Debug|Any CPU
		{95946CF7-EA37-4366-9388-A55423D4FBE9}.Debug|Any CPU.Build.0 = Debug|Any CPU
		{95946CF7-EA37-4366-9388-A55423D4FBE9}.Release|Any CPU.ActiveCfg = Release|Any CPU
		{95946CF7-EA37-4366-9388-A55423D4FBE9}.Release|Any CPU.Build.0 = Release|Any CPU
	EndGlobalSection
	GlobalSection(SolutionProperties) = preSolution
		HideSolutionNode = FALSE
	EndGlobalSection
	GlobalSection(ExtensibilityGlobals) = postSolution
		SolutionGuid = {92208619-664F-476A-AC11-4176A78DDB13}
	EndGlobalSection
EndGlobal
